# This file is automatically @generated by Poetry 2.1.2 and should not be changed by hand.

[[package]]
name = "googleapis-common-protos"
version = "1.70.0"
description = "Common protobufs used in Google APIs"
optional = false
python-versions = ">=3.7"
groups = ["main"]
files = [
    {file = "googleapis_common_protos-1.70.0-py3-none-any.whl", hash = "sha256:b8bfcca8c25a2bb253e0e0b0adaf8c00773e5e6af6fd92397576680b807e0fd8"},
    {file = "googleapis_common_protos-1.70.0.tar.gz", hash = "sha256:0e1b44e0ea153e6594f9f394fef15193a68aaaea2d843f83e2742717ca753257"},
]

[package.dependencies]
protobuf = ">=3.20.2,<4.21.1 || >4.21.1,<4.21.2 || >4.21.2,<4.21.3 || >4.21.3,<4.21.4 || >4.21.4,<4.21.5 || >4.21.5,<7.0.0"

[package.extras]
grpc = ["grpcio (>=1.44.0,<2.0.0)"]

[[package]]
name = "grpcio"
version = "1.74.0"
description = "HTTP/2-based RPC framework"
optional = false
python-versions = ">=3.9"
groups = ["main"]
files = [
    {file = "grpcio-1.74.0-cp310-cp310-linux_armv7l.whl", hash = "sha256:85bd5cdf4ed7b2d6438871adf6afff9af7096486fcf51818a81b77ef4dd30907"},
    {file = "grpcio-1.74.0-cp310-cp310-macosx_11_0_universal2.whl", hash = "sha256:68c8ebcca945efff9d86d8d6d7bfb0841cf0071024417e2d7f45c5e46b5b08eb"},
    {file = "grpcio-1.74.0-cp310-cp310-manylinux_2_17_aarch64.whl", hash = "sha256:e154d230dc1bbbd78ad2fdc3039fa50ad7ffcf438e4eb2fa30bce223a70c7486"},
    {file = "grpcio-1.74.0-cp310-cp310-manylinux_2_17_i686.manylinux2014_i686.whl", hash = "sha256:e8978003816c7b9eabe217f88c78bc26adc8f9304bf6a594b02e5a49b2ef9c11"},
    {file = "grpcio-1.74.0-cp310-cp310-manylinux_2_17_x86_64.manylinux2014_x86_64.whl", hash = "sha256:c3d7bd6e3929fd2ea7fbc3f562e4987229ead70c9ae5f01501a46701e08f1ad9"},
    {file = "grpcio-1.74.0-cp310-cp310-musllinux_1_1_aarch64.whl", hash = "sha256:136b53c91ac1d02c8c24201bfdeb56f8b3ac3278668cbb8e0ba49c88069e1bdc"},
    {file = "grpcio-1.74.0-cp310-cp310-musllinux_1_1_i686.whl", hash = "sha256:fe0f540750a13fd8e5da4b3eaba91a785eea8dca5ccd2bc2ffe978caa403090e"},
    {file = "grpcio-1.74.0-cp310-cp310-musllinux_1_1_x86_64.whl", hash = "sha256:4e4181bfc24413d1e3a37a0b7889bea68d973d4b45dd2bc68bb766c140718f82"},
    {file = "grpcio-1.74.0-cp310-cp310-win32.whl", hash = "sha256:1733969040989f7acc3d94c22f55b4a9501a30f6aaacdbccfaba0a3ffb255ab7"},
    {file = "grpcio-1.74.0-cp310-cp310-win_amd64.whl", hash = "sha256:9e912d3c993a29df6c627459af58975b2e5c897d93287939b9d5065f000249b5"},
    {file = "grpcio-1.74.0-cp311-cp311-linux_armv7l.whl", hash = "sha256:69e1a8180868a2576f02356565f16635b99088da7df3d45aaa7e24e73a054e31"},
    {file = "grpcio-1.74.0-cp311-cp311-macosx_11_0_universal2.whl", hash = "sha256:8efe72fde5500f47aca1ef59495cb59c885afe04ac89dd11d810f2de87d935d4"},
    {file = "grpcio-1.74.0-cp311-cp311-manylinux_2_17_aarch64.whl", hash = "sha256:a8f0302f9ac4e9923f98d8e243939a6fb627cd048f5cd38595c97e38020dffce"},
    {file = "grpcio-1.74.0-cp311-cp311-manylinux_2_17_i686.manylinux2014_i686.whl", hash = "sha256:2f609a39f62a6f6f05c7512746798282546358a37ea93c1fcbadf8b2fed162e3"},
    {file = "grpcio-1.74.0-cp311-cp311-manylinux_2_17_x86_64.manylinux2014_x86_64.whl", hash = "sha256:c98e0b7434a7fa4e3e63f250456eaef52499fba5ae661c58cc5b5477d11e7182"},
    {file = "grpcio-1.74.0-cp311-cp311-musllinux_1_1_aarch64.whl", hash = "sha256:662456c4513e298db6d7bd9c3b8df6f75f8752f0ba01fb653e252ed4a59b5a5d"},
    {file = "grpcio-1.74.0-cp311-cp311-musllinux_1_1_i686.whl", hash = "sha256:3d14e3c4d65e19d8430a4e28ceb71ace4728776fd6c3ce34016947474479683f"},
    {file = "grpcio-1.74.0-cp311-cp311-musllinux_1_1_x86_64.whl", hash = "sha256:1bf949792cee20d2078323a9b02bacbbae002b9e3b9e2433f2741c15bdeba1c4"},
    {file = "grpcio-1.74.0-cp311-cp311-win32.whl", hash = "sha256:55b453812fa7c7ce2f5c88be3018fb4a490519b6ce80788d5913f3f9d7da8c7b"},
    {file = "grpcio-1.74.0-cp311-cp311-win_amd64.whl", hash = "sha256:86ad489db097141a907c559988c29718719aa3e13370d40e20506f11b4de0d11"},
    {file = "grpcio-1.74.0-cp312-cp312-linux_armv7l.whl", hash = "sha256:8533e6e9c5bd630ca98062e3a1326249e6ada07d05acf191a77bc33f8948f3d8"},
    {file = "grpcio-1.74.0-cp312-cp312-macosx_11_0_universal2.whl", hash = "sha256:2918948864fec2a11721d91568effffbe0a02b23ecd57f281391d986847982f6"},
    {file = "grpcio-1.74.0-cp312-cp312-manylinux_2_17_aarch64.whl", hash = "sha256:60d2d48b0580e70d2e1954d0d19fa3c2e60dd7cbed826aca104fff518310d1c5"},
    {file = "grpcio-1.74.0-cp312-cp312-manylinux_2_17_i686.manylinux2014_i686.whl", hash = "sha256:3601274bc0523f6dc07666c0e01682c94472402ac2fd1226fd96e079863bfa49"},
    {file = "grpcio-1.74.0-cp312-cp312-manylinux_2_17_x86_64.manylinux2014_x86_64.whl", hash = "sha256:176d60a5168d7948539def20b2a3adcce67d72454d9ae05969a2e73f3a0feee7"},
    {file = "grpcio-1.74.0-cp312-cp312-musllinux_1_1_aarch64.whl", hash = "sha256:e759f9e8bc908aaae0412642afe5416c9f983a80499448fcc7fab8692ae044c3"},
    {file = "grpcio-1.74.0-cp312-cp312-musllinux_1_1_i686.whl", hash = "sha256:9e7c4389771855a92934b2846bd807fc25a3dfa820fd912fe6bd8136026b2707"},
    {file = "grpcio-1.74.0-cp312-cp312-musllinux_1_1_x86_64.whl", hash = "sha256:cce634b10aeab37010449124814b05a62fb5f18928ca878f1bf4750d1f0c815b"},
    {file = "grpcio-1.74.0-cp312-cp312-win32.whl", hash = "sha256:885912559974df35d92219e2dc98f51a16a48395f37b92865ad45186f294096c"},
    {file = "grpcio-1.74.0-cp312-cp312-win_amd64.whl", hash = "sha256:42f8fee287427b94be63d916c90399ed310ed10aadbf9e2e5538b3e497d269bc"},
    {file = "grpcio-1.74.0-cp313-cp313-linux_armv7l.whl", hash = "sha256:2bc2d7d8d184e2362b53905cb1708c84cb16354771c04b490485fa07ce3a1d89"},
    {file = "grpcio-1.74.0-cp313-cp313-macosx_11_0_universal2.whl", hash = "sha256:c14e803037e572c177ba54a3e090d6eb12efd795d49327c5ee2b3bddb836bf01"},
    {file = "grpcio-1.74.0-cp313-cp313-manylinux_2_17_aarch64.whl", hash = "sha256:f6ec94f0e50eb8fa1744a731088b966427575e40c2944a980049798b127a687e"},
    {file = "grpcio-1.74.0-cp313-cp313-manylinux_2_17_i686.manylinux2014_i686.whl", hash = "sha256:566b9395b90cc3d0d0c6404bc8572c7c18786ede549cdb540ae27b58afe0fb91"},
    {file = "grpcio-1.74.0-cp313-cp313-manylinux_2_17_x86_64.manylinux2014_x86_64.whl", hash = "sha256:e1ea6176d7dfd5b941ea01c2ec34de9531ba494d541fe2057c904e601879f249"},
    {file = "grpcio-1.74.0-cp313-cp313-musllinux_1_1_aarch64.whl", hash = "sha256:64229c1e9cea079420527fa8ac45d80fc1e8d3f94deaa35643c381fa8d98f362"},
    {file = "grpcio-1.74.0-cp313-cp313-musllinux_1_1_i686.whl", hash = "sha256:0f87bddd6e27fc776aacf7ebfec367b6d49cad0455123951e4488ea99d9b9b8f"},
    {file = "grpcio-1.74.0-cp313-cp313-musllinux_1_1_x86_64.whl", hash = "sha256:3b03d8f2a07f0fea8c8f74deb59f8352b770e3900d143b3d1475effcb08eec20"},
    {file = "grpcio-1.74.0-cp313-cp313-win32.whl", hash = "sha256:b6a73b2ba83e663b2480a90b82fdae6a7aa6427f62bf43b29912c0cfd1aa2bfa"},
    {file = "grpcio-1.74.0-cp313-cp313-win_amd64.whl", hash = "sha256:fd3c71aeee838299c5887230b8a1822795325ddfea635edd82954c1eaa831e24"},
    {file = "grpcio-1.74.0-cp39-cp39-linux_armv7l.whl", hash = "sha256:4bc5fca10aaf74779081e16c2bcc3d5ec643ffd528d9e7b1c9039000ead73bae"},
    {file = "grpcio-1.74.0-cp39-cp39-macosx_11_0_universal2.whl", hash = "sha256:6bab67d15ad617aff094c382c882e0177637da73cbc5532d52c07b4ee887a87b"},
    {file = "grpcio-1.74.0-cp39-cp39-manylinux_2_17_aarch64.whl", hash = "sha256:655726919b75ab3c34cdad39da5c530ac6fa32696fb23119e36b64adcfca174a"},
    {file = "grpcio-1.74.0-cp39-cp39-manylinux_2_17_i686.manylinux2014_i686.whl", hash = "sha256:1a2b06afe2e50ebfd46247ac3ba60cac523f54ec7792ae9ba6073c12daf26f0a"},
    {file = "grpcio-1.74.0-cp39-cp39-manylinux_2_17_x86_64.manylinux2014_x86_64.whl", hash = "sha256:5f251c355167b2360537cf17bea2cf0197995e551ab9da6a0a59b3da5e8704f9"},
    {file = "grpcio-1.74.0-cp39-cp39-musllinux_1_1_aarch64.whl", hash = "sha256:8f7b5882fb50632ab1e48cb3122d6df55b9afabc265582808036b6e51b9fd6b7"},
    {file = "grpcio-1.74.0-cp39-cp39-musllinux_1_1_i686.whl", hash = "sha256:834988b6c34515545b3edd13e902c1acdd9f2465d386ea5143fb558f153a7176"},
    {file = "grpcio-1.74.0-cp39-cp39-musllinux_1_1_x86_64.whl", hash = "sha256:22b834cef33429ca6cc28303c9c327ba9a3fafecbf62fae17e9a7b7163cc43ac"},
    {file = "grpcio-1.74.0-cp39-cp39-win32.whl", hash = "sha256:7d95d71ff35291bab3f1c52f52f474c632db26ea12700c2ff0ea0532cb0b5854"},
    {file = "grpcio-1.74.0-cp39-cp39-win_amd64.whl", hash = "sha256:ecde9ab49f58433abe02f9ed076c7b5be839cf0153883a6d23995937a82392fa"},
    {file = "grpcio-1.74.0.tar.gz", hash = "sha256:80d1f4fbb35b0742d3e3d3bb654b7381cd5f015f8497279a1e9c21ba623e01b1"},
]

[package.extras]
protobuf = ["grpcio-tools (>=1.74.0)"]

[[package]]
name = "protobuf"
version = "6.32.0"
description = ""
optional = false
python-versions = ">=3.9"
groups = ["main"]
files = [
    {file = "protobuf-6.32.0-cp310-abi3-win32.whl", hash = "sha256:84f9e3c1ff6fb0308dbacb0950d8aa90694b0d0ee68e75719cb044b7078fe741"},
    {file = "protobuf-6.32.0-cp310-abi3-win_amd64.whl", hash = "sha256:a8bdbb2f009cfc22a36d031f22a625a38b615b5e19e558a7b756b3279723e68e"},
    {file = "protobuf-6.32.0-cp39-abi3-macosx_10_9_universal2.whl", hash = "sha256:d52691e5bee6c860fff9a1c86ad26a13afbeb4b168cd4445c922b7e2cf85aaf0"},
    {file = "protobuf-6.32.0-cp39-abi3-manylinux2014_aarch64.whl", hash = "sha256:501fe6372fd1c8ea2a30b4d9be8f87955a64d6be9c88a973996cef5ef6f0abf1"},
    {file = "protobuf-6.32.0-cp39-abi3-manylinux2014_x86_64.whl", hash = "sha256:75a2aab2bd1aeb1f5dc7c5f33bcb11d82ea8c055c9becbb41c26a8c43fd7092c"},
    {file = "protobuf-6.32.0-cp39-cp39-win32.whl", hash = "sha256:7db8ed09024f115ac877a1427557b838705359f047b2ff2f2b2364892d19dacb"},
    {file = "protobuf-6.32.0-cp39-cp39-win_amd64.whl", hash = "sha256:15eba1b86f193a407607112ceb9ea0ba9569aed24f93333fe9a497cf2fda37d3"},
    {file = "protobuf-6.32.0-py3-none-any.whl", hash = "sha256:ba377e5b67b908c8f3072a57b63e2c6a4cbd18aea4ed98d2584350dbf46f2783"},
    {file = "protobuf-6.32.0.tar.gz", hash = "sha256:a81439049127067fc49ec1d36e25c6ee1d1a2b7be930675f919258d03c04e7d2"},
]

[[package]]
name = "typing-extensions"
version = "4.14.1"
description = "Backported and Experimental Type Hints for Python 3.9+"
optional = false
python-versions = ">=3.9"
groups = ["main"]
files = [
    {file = "typing_extensions-4.14.1-py3-none-any.whl", hash = "sha256:d1e1e3b58374dc93031d6eda2420a48ea44a36c2b4766a4fdeb3710755731d76"},
    {file = "typing_extensions-4.14.1.tar.gz", hash = "sha256:38b39f4aeeab64884ce9f74c94263ef78f3c22467c8724005483154c26648d36"},
]

[metadata]
lock-version = "2.1"
python-versions = "^3.13"
content-hash = "0b7be08290a0d68704a61a69aacbeb0393b9a8fe856fe04b58562f51b263ce5c"
